// !$*UTF8*$!
{
	archiveVersion = 1;
	classes = {
	};
	objectVersion = 55;
	objects = {

/* Begin PBXBuildFile section */
		DF472BCF287F1103006B6C9D /* CommentViewController.swift in Sources */ = {isa = PBXBuildFile; fileRef = DF472BCE287F1103006B6C9D /* CommentViewController.swift */; };
		DF472BD1287F11A3006B6C9D /* Comment.swift in Sources */ = {isa = PBXBuildFile; fileRef = DF472BD0287F11A3006B6C9D /* Comment.swift */; };
		DFC19933287ECBE6000B8BC2 /* AppDelegate.swift in Sources */ = {isa = PBXBuildFile; fileRef = DFC19932287ECBE6000B8BC2 /* AppDelegate.swift */; };
		DFC19935287ECBE6000B8BC2 /* SceneDelegate.swift in Sources */ = {isa = PBXBuildFile; fileRef = DFC19934287ECBE6000B8BC2 /* SceneDelegate.swift */; };
		DFC19937287ECBE6000B8BC2 /* ViewController.swift in Sources */ = {isa = PBXBuildFile; fileRef = DFC19936287ECBE6000B8BC2 /* ViewController.swift */; };
		DFC1993A287ECBE6000B8BC2 /* Main.storyboard in Resources */ = {isa = PBXBuildFile; fileRef = DFC19938287ECBE6000B8BC2 /* Main.storyboard */; };
		DFC1993C287ECBE8000B8BC2 /* Assets.xcassets in Resources */ = {isa = PBXBuildFile; fileRef = DFC1993B287ECBE8000B8BC2 /* Assets.xcassets */; };
		DFC1993F287ECBE8000B8BC2 /* LaunchScreen.storyboard in Resources */ = {isa = PBXBuildFile; fileRef = DFC1993D287ECBE8000B8BC2 /* LaunchScreen.storyboard */; };
		DFC1994A287ECBE9000B8BC2 /* BlogTests.swift in Sources */ = {isa = PBXBuildFile; fileRef = DFC19949287ECBE9000B8BC2 /* BlogTests.swift */; };
		DFC19954287ECBE9000B8BC2 /* BlogUITests.swift in Sources */ = {isa = PBXBuildFile; fileRef = DFC19953287ECBE9000B8BC2 /* BlogUITests.swift */; };
		DFC19956287ECBE9000B8BC2 /* BlogUITestsLaunchTests.swift in Sources */ = {isa = PBXBuildFile; fileRef = DFC19955287ECBE9000B8BC2 /* BlogUITestsLaunchTests.swift */; };
		DFC19963287ED0E4000B8BC2 /* Post.swift in Sources */ = {isa = PBXBuildFile; fileRef = DFC19962287ED0E4000B8BC2 /* Post.swift */; };
/* End PBXBuildFile section */

/* Begin PBXContainerItemProxy section */
		DFC19946287ECBE9000B8BC2 /* PBXContainerItemProxy */ = {
			isa = PBXContainerItemProxy;
			containerPortal = DFC19927287ECBE6000B8BC2 /* Project object */;
			proxyType = 1;
			remoteGlobalIDString = DFC1992E287ECBE6000B8BC2;
			remoteInfo = Blog;
		};
		DFC19950287ECBE9000B8BC2 /* PBXContainerItemProxy */ = {
			isa = PBXContainerItemProxy;
			containerPortal = DFC19927287ECBE6000B8BC2 /* Project object */;
			proxyType = 1;
			remoteGlobalIDString = DFC1992E287ECBE6000B8BC2;
			remoteInfo = Blog;
		};
/* End PBXContainerItemProxy section */

/* Begin PBXFileReference section */
		DF472BCE287F1103006B6C9D /* CommentViewController.swift */ = {isa = PBXFileReference; lastKnownFileType = sourcecode.swift; path = CommentViewController.swift; sourceTree = "<group>"; };
		DF472BD0287F11A3006B6C9D /* Comment.swift */ = {isa = PBXFileReference; lastKnownFileType = sourcecode.swift; path = Comment.swift; sourceTree = "<group>"; };
		DFC1992F287ECBE6000B8BC2 /* Blog.app */ = {isa = PBXFileReference; explicitFileType = wrapper.application; includeInIndex = 0; path = Blog.app; sourceTree = BUILT_PRODUCTS_DIR; };
		DFC19932287ECBE6000B8BC2 /* AppDelegate.swift */ = {isa = PBXFileReference; lastKnownFileType = sourcecode.swift; path = AppDelegate.swift; sourceTree = "<group>"; };
		DFC19934287ECBE6000B8BC2 /* SceneDelegate.swift */ = {isa = PBXFileReference; lastKnownFileType = sourcecode.swift; path = SceneDelegate.swift; sourceTree = "<group>"; };
		DFC19936287ECBE6000B8BC2 /* ViewController.swift */ = {isa = PBXFileReference; lastKnownFileType = sourcecode.swift; path = ViewController.swift; sourceTree = "<group>"; };
		DFC19939287ECBE6000B8BC2 /* Base */ = {isa = PBXFileReference; lastKnownFileType = file.storyboard; name = Base; path = Base.lproj/Main.storyboard; sourceTree = "<group>"; };
		DFC1993B287ECBE8000B8BC2 /* Assets.xcassets */ = {isa = PBXFileReference; lastKnownFileType = folder.assetcatalog; path = Assets.xcassets; sourceTree = "<group>"; };
		DFC1993E287ECBE8000B8BC2 /* Base */ = {isa = PBXFileReference; lastKnownFileType = file.storyboard; name = Base; path = Base.lproj/LaunchScreen.storyboard; sourceTree = "<group>"; };
		DFC19940287ECBE8000B8BC2 /* Info.plist */ = {isa = PBXFileReference; lastKnownFileType = text.plist.xml; path = Info.plist; sourceTree = "<group>"; };
		DFC19945287ECBE9000B8BC2 /* BlogTests.xctest */ = {isa = PBXFileReference; explicitFileType = wrapper.cfbundle; includeInIndex = 0; path = BlogTests.xctest; sourceTree = BUILT_PRODUCTS_DIR; };
		DFC19949287ECBE9000B8BC2 /* BlogTests.swift */ = {isa = PBXFileReference; lastKnownFileType = sourcecode.swift; path = BlogTests.swift; sourceTree = "<group>"; };
		DFC1994F287ECBE9000B8BC2 /* BlogUITests.xctest */ = {isa = PBXFileReference; explicitFileType = wrapper.cfbundle; includeInIndex = 0; path = BlogUITests.xctest; sourceTree = BUILT_PRODUCTS_DIR; };
		DFC19953287ECBE9000B8BC2 /* BlogUITests.swift */ = {isa = PBXFileReference; lastKnownFileType = sourcecode.swift; path = BlogUITests.swift; sourceTree = "<group>"; };
		DFC19955287ECBE9000B8BC2 /* BlogUITestsLaunchTests.swift */ = {isa = PBXFileReference; lastKnownFileType = sourcecode.swift; path = BlogUITestsLaunchTests.swift; sourceTree = "<group>"; };
		DFC19962287ED0E4000B8BC2 /* Post.swift */ = {isa = PBXFileReference; lastKnownFileType = sourcecode.swift; path = Post.swift; sourceTree = "<group>"; };
/* End PBXFileReference section */

/* Begin PBXFrameworksBuildPhase section */
		DFC1992C287ECBE6000B8BC2 /* Frameworks */ = {
			isa = PBXFrameworksBuildPhase;
			buildActionMask = 2147483647;
			files = (
			);
			runOnlyForDeploymentPostprocessing = 0;
		};
		DFC19942287ECBE9000B8BC2 /* Frameworks */ = {
			isa = PBXFrameworksBuildPhase;
			buildActionMask = 2147483647;
			files = (
			);
			runOnlyForDeploymentPostprocessing = 0;
		};
		DFC1994C287ECBE9000B8BC2 /* Frameworks */ = {
			isa = PBXFrameworksBuildPhase;
			buildActionMask = 2147483647;
			files = (
			);
			runOnlyForDeploymentPostprocessing = 0;
		};
/* End PBXFrameworksBuildPhase section */

/* Begin PBXGroup section */
		DFC19926287ECBE6000B8BC2 = {
			isa = PBXGroup;
			children = (
				DFC19931287ECBE6000B8BC2 /* Blog */,
				DFC19948287ECBE9000B8BC2 /* BlogTests */,
				DFC19952287ECBE9000B8BC2 /* BlogUITests */,
				DFC19930287ECBE6000B8BC2 /* Products */,
			);
			sourceTree = "<group>";
		};
		DFC19930287ECBE6000B8BC2 /* Products */ = {
			isa = PBXGroup;
			children = (
				DFC1992F287ECBE6000B8BC2 /* Blog.app */,
				DFC19945287ECBE9000B8BC2 /* BlogTests.xctest */,
				DFC1994F287ECBE9000B8BC2 /* BlogUITests.xctest */,
			);
			name = Products;
			sourceTree = "<group>";
		};
		DFC19931287ECBE6000B8BC2 /* Blog */ = {
			isa = PBXGroup;
			children = (
				DFC19932287ECBE6000B8BC2 /* AppDelegate.swift */,
				DFC19934287ECBE6000B8BC2 /* SceneDelegate.swift */,
				DFC19936287ECBE6000B8BC2 /* ViewController.swift */,
				DFC19938287ECBE6000B8BC2 /* Main.storyboard */,
				DF472BCE287F1103006B6C9D /* CommentViewController.swift */,
				DFC1993B287ECBE8000B8BC2 /* Assets.xcassets */,
				DFC1993D287ECBE8000B8BC2 /* LaunchScreen.storyboard */,
				DFC19940287ECBE8000B8BC2 /* Info.plist */,
				DFC19962287ED0E4000B8BC2 /* Post.swift */,
				DF472BD0287F11A3006B6C9D /* Comment.swift */,
			);
			path = Blog;
			sourceTree = "<group>";
		};
		DFC19948287ECBE9000B8BC2 /* BlogTests */ = {
			isa = PBXGroup;
			children = (
				DFC19949287ECBE9000B8BC2 /* BlogTests.swift */,
			);
			path = BlogTests;
			sourceTree = "<group>";
		};
		DFC19952287ECBE9000B8BC2 /* BlogUITests */ = {
			isa = PBXGroup;
			children = (
				DFC19953287ECBE9000B8BC2 /* BlogUITests.swift */,
				DFC19955287ECBE9000B8BC2 /* BlogUITestsLaunchTests.swift */,
			);
			path = BlogUITests;
			sourceTree = "<group>";
		};
/* End PBXGroup section */

/* Begin PBXNativeTarget section */
		DFC1992E287ECBE6000B8BC2 /* Blog */ = {
			isa = PBXNativeTarget;
			buildConfigurationList = DFC19959287ECBE9000B8BC2 /* Build configuration list for PBXNativeTarget "Blog" */;
			buildPhases = (
				DFC1992B287ECBE6000B8BC2 /* Sources */,
				DFC1992C287ECBE6000B8BC2 /* Frameworks */,
				DFC1992D287ECBE6000B8BC2 /* Resources */,
			);
			buildRules = (
			);
			dependencies = (
			);
			name = Blog;
			productName = Blog;
			productReference = DFC1992F287ECBE6000B8BC2 /* Blog.app */;
			productType = "com.apple.product-type.application";
		};
		DFC19944287ECBE9000B8BC2 /* BlogTests */ = {
			isa = PBXNativeTarget;
			buildConfigurationList = DFC1995C287ECBE9000B8BC2 /* Build configuration list for PBXNativeTarget "BlogTests" */;
			buildPhases = (
				DFC19941287ECBE9000B8BC2 /* Sources */,
				DFC19942287ECBE9000B8BC2 /* Frameworks */,
				DFC19943287ECBE9000B8BC2 /* Resources */,
			);
			buildRules = (
			);
			dependencies = (
				DFC19947287ECBE9000B8BC2 /* PBXTargetDependency */,
			);
			name = BlogTests;
			productName = BlogTests;
			productReference = DFC19945287ECBE9000B8BC2 /* BlogTests.xctest */;
			productType = "com.apple.product-type.bundle.unit-test";
		};
		DFC1994E287ECBE9000B8BC2 /* BlogUITests */ = {
			isa = PBXNativeTarget;
			buildConfigurationList = DFC1995F287ECBE9000B8BC2 /* Build configuration list for PBXNativeTarget "BlogUITests" */;
			buildPhases = (
				DFC1994B287ECBE9000B8BC2 /* Sources */,
				DFC1994C287ECBE9000B8BC2 /* Frameworks */,
				DFC1994D287ECBE9000B8BC2 /* Resources */,
			);
			buildRules = (
			);
			dependencies = (
				DFC19951287ECBE9000B8BC2 /* PBXTargetDependency */,
			);
			name = BlogUITests;
			productName = BlogUITests;
			productReference = DFC1994F287ECBE9000B8BC2 /* BlogUITests.xctest */;
			productType = "com.apple.product-type.bundle.ui-testing";
		};
/* End PBXNativeTarget section */

/* Begin PBXProject section */
		DFC19927287ECBE6000B8BC2 /* Project object */ = {
			isa = PBXProject;
			attributes = {
				BuildIndependentTargetsInParallel = 1;
				LastSwiftUpdateCheck = 1340;
				LastUpgradeCheck = 1340;
				TargetAttributes = {
					DFC1992E287ECBE6000B8BC2 = {
						CreatedOnToolsVersion = 13.4.1;
					};
					DFC19944287ECBE9000B8BC2 = {
						CreatedOnToolsVersion = 13.4.1;
						TestTargetID = DFC1992E287ECBE6000B8BC2;
					};
					DFC1994E287ECBE9000B8BC2 = {
						CreatedOnToolsVersion = 13.4.1;
						TestTargetID = DFC1992E287ECBE6000B8BC2;
					};
				};
			};
			buildConfigurationList = DFC1992A287ECBE6000B8BC2 /* Build configuration list for PBXProject "Blog" */;
			compatibilityVersion = "Xcode 13.0";
			developmentRegion = en;
			hasScannedForEncodings = 0;
			knownRegions = (
				en,
				Base,
			);
			mainGroup = DFC19926287ECBE6000B8BC2;
			productRefGroup = DFC19930287ECBE6000B8BC2 /* Products */;
			projectDirPath = "";
			projectRoot = "";
			targets = (
				DFC1992E287ECBE6000B8BC2 /* Blog */,
				DFC19944287ECBE9000B8BC2 /* BlogTests */,
				DFC1994E287ECBE9000B8BC2 /* BlogUITests */,
			);
		};
/* End PBXProject section */

/* Begin PBXResourcesBuildPhase section */
		DFC1992D287ECBE6000B8BC2 /* Resources */ = {
			isa = PBXResourcesBuildPhase;
			buildActionMask = 2147483647;
			files = (
				DFC1993F287ECBE8000B8BC2 /* LaunchScreen.storyboard in Resources */,
				DFC1993C287ECBE8000B8BC2 /* Assets.xcassets in Resources */,
				DFC1993A287ECBE6000B8BC2 /* Main.storyboard in Resources */,
			);
			runOnlyForDeploymentPostprocessing = 0;
		};
		DFC19943287ECBE9000B8BC2 /* Resources */ = {
			isa = PBXResourcesBuildPhase;
			buildActionMask = 2147483647;
			files = (
			);
			runOnlyForDeploymentPostprocessing = 0;
		};
		DFC1994D287ECBE9000B8BC2 /* Resources */ = {
			isa = PBXResourcesBuildPhase;
			buildActionMask = 2147483647;
			files = (
			);
			runOnlyForDeploymentPostprocessing = 0;
		};
/* End PBXResourcesBuildPhase section */

/* Begin PBXSourcesBuildPhase section */
		DFC1992B287ECBE6000B8BC2 /* Sources */ = {
			isa = PBXSourcesBuildPhase;
			buildActionMask = 2147483647;
			files = (
				DF472BCF287F1103006B6C9D /* CommentViewController.swift in Sources */,
				DF472BD1287F11A3006B6C9D /* Comment.swift in Sources */,
				DFC19937287ECBE6000B8BC2 /* ViewController.swift in Sources */,
				DFC19933287ECBE6000B8BC2 /* AppDelegate.swift in Sources */,
				DFC19935287ECBE6000B8BC2 /* SceneDelegate.swift in Sources */,
				DFC19963287ED0E4000B8BC2 /* Post.swift in Sources */,
			);
			runOnlyForDeploymentPostprocessing = 0;
		};
		DFC19941287ECBE9000B8BC2 /* Sources */ = {
			isa = PBXSourcesBuildPhase;
			buildActionMask = 2147483647;
			files = (
				DFC1994A287ECBE9000B8BC2 /* BlogTests.swift in Sources */,
			);
			runOnlyForDeploymentPostprocessing = 0;
		};
		DFC1994B287ECBE9000B8BC2 /* Sources */ = {
			isa = PBXSourcesBuildPhase;
			buildActionMask = 2147483647;
			files = (
				DFC19956287ECBE9000B8BC2 /* BlogUITestsLaunchTests.swift in Sources */,
				DFC19954287ECBE9000B8BC2 /* BlogUITests.swift in Sources */,
			);
			runOnlyForDeploymentPostprocessing = 0;
		};
/* End PBXSourcesBuildPhase section */

/* Begin PBXTargetDependency section */
		DFC19947287ECBE9000B8BC2 /* PBXTargetDependency */ = {
			isa = PBXTargetDependency;
			target = DFC1992E287ECBE6000B8BC2 /* Blog */;
			targetProxy = DFC19946287ECBE9000B8BC2 /* PBXContainerItemProxy */;
		};
		DFC19951287ECBE9000B8BC2 /* PBXTargetDependency */ = {
			isa = PBXTargetDependency;
			target = DFC1992E287ECBE6000B8BC2 /* Blog */;
			targetProxy = DFC19950287ECBE9000B8BC2 /* PBXContainerItemProxy */;
		};
/* End PBXTargetDependency section */

/* Begin PBXVariantGroup section */
		DFC19938287ECBE6000B8BC2 /* Main.storyboard */ = {
			isa = PBXVariantGroup;
			children = (
				DFC19939287ECBE6000B8BC2 /* Base */,
			);
			name = Main.storyboard;
			sourceTree = "<group>";
		};
		DFC1993D287ECBE8000B8BC2 /* LaunchScreen.storyboard */ = {
			isa = PBXVariantGroup;
			children = (
				DFC1993E287ECBE8000B8BC2 /* Base */,
			);
			name = LaunchScreen.storyboard;
			sourceTree = "<group>";
		};
/* End PBXVariantGroup section */

/* Begin XCBuildConfiguration section */
		DFC19957287ECBE9000B8BC2 /* Debug */ = {
			isa = XCBuildConfiguration;
			buildSettings = {
				ALWAYS_SEARCH_USER_PATHS = NO;
				CLANG_ANALYZER_NONNULL = YES;
				CLANG_ANALYZER_NUMBER_OBJECT_CONVERSION = YES_AGGRESSIVE;
				CLANG_CXX_LANGUAGE_STANDARD = "gnu++17";
				CLANG_ENABLE_MODULES = YES;
				CLANG_ENABLE_OBJC_ARC = YES;
				CLANG_ENABLE_OBJC_WEAK = YES;
				CLANG_WARN_BLOCK_CAPTURE_AUTORELEASING = YES;
				CLANG_WARN_BOOL_CONVERSION = YES;
				CLANG_WARN_COMMA = YES;
				CLANG_WARN_CONSTANT_CONVERSION = YES;
				CLANG_WARN_DEPRECATED_OBJC_IMPLEMENTATIONS = YES;
				CLANG_WARN_DIRECT_OBJC_ISA_USAGE = YES_ERROR;
				CLANG_WARN_DOCUMENTATION_COMMENTS = YES;
				CLANG_WARN_EMPTY_BODY = YES;
				CLANG_WARN_ENUM_CONVERSION = YES;
				CLANG_WARN_INFINITE_RECURSION = YES;
				CLANG_WARN_INT_CONVERSION = YES;
				CLANG_WARN_NON_LITERAL_NULL_CONVERSION = YES;
				CLANG_WARN_OBJC_IMPLICIT_RETAIN_SELF = YES;
				CLANG_WARN_OBJC_LITERAL_CONVERSION = YES;
				CLANG_WARN_OBJC_ROOT_CLASS = YES_ERROR;
				CLANG_WARN_QUOTED_INCLUDE_IN_FRAMEWORK_HEADER = YES;
				CLANG_WARN_RANGE_LOOP_ANALYSIS = YES;
				CLANG_WARN_STRICT_PROTOTYPES = YES;
				CLANG_WARN_SUSPICIOUS_MOVE = YES;
				CLANG_WARN_UNGUARDED_AVAILABILITY = YES_AGGRESSIVE;
				CLANG_WARN_UNREACHABLE_CODE = YES;
				CLANG_WARN__DUPLICATE_METHOD_MATCH = YES;
				COPY_PHASE_STRIP = NO;
				DEBUG_INFORMATION_FORMAT = dwarf;
				ENABLE_STRICT_OBJC_MSGSEND = YES;
				ENABLE_TESTABILITY = YES;
				GCC_C_LANGUAGE_STANDARD = gnu11;
				GCC_DYNAMIC_NO_PIC = NO;
				GCC_NO_COMMON_BLOCKS = YES;
				GCC_OPTIMIZATION_LEVEL = 0;
				GCC_PREPROCESSOR_DEFINITIONS = (
					"DEBUG=1",
					"$(inherited)",
				);
				GCC_WARN_64_TO_32_BIT_CONVERSION = YES;
				GCC_WARN_ABOUT_RETURN_TYPE = YES_ERROR;
				GCC_WARN_UNDECLARED_SELECTOR = YES;
				GCC_WARN_UNINITIALIZED_AUTOS = YES_AGGRESSIVE;
				GCC_WARN_UNUSED_FUNCTION = YES;
				GCC_WARN_UNUSED_VARIABLE = YES;
				IPHONEOS_DEPLOYMENT_TARGET = 15.5;
				MTL_ENABLE_DEBUG_INFO = INCLUDE_SOURCE;
				MTL_FAST_MATH = YES;
				ONLY_ACTIVE_ARCH = YES;
				SDKROOT = iphoneos;
				SWIFT_ACTIVE_COMPILATION_CONDITIONS = DEBUG;
				SWIFT_OPTIMIZATION_LEVEL = "-Onone";
			};
			name = Debug;
		};
		DFC19958287ECBE9000B8BC2 /* Release */ = {
			isa = XCBuildConfiguration;
			buildSettings = {
				ALWAYS_SEARCH_USER_PATHS = NO;
				CLANG_ANALYZER_NONNULL = YES;
				CLANG_ANALYZER_NUMBER_OBJECT_CONVERSION = YES_AGGRESSIVE;
				CLANG_CXX_LANGUAGE_STANDARD = "gnu++17";
				CLANG_ENABLE_MODULES = YES;
				CLANG_ENABLE_OBJC_ARC = YES;
				CLANG_ENABLE_OBJC_WEAK = YES;
				CLANG_WARN_BLOCK_CAPTURE_AUTORELEASING = YES;
				CLANG_WARN_BOOL_CONVERSION = YES;
				CLANG_WARN_COMMA = YES;
				CLANG_WARN_CONSTANT_CONVERSION = YES;
				CLANG_WARN_DEPRECATED_OBJC_IMPLEMENTATIONS = YES;
				CLANG_WARN_DIRECT_OBJC_ISA_USAGE = YES_ERROR;
				CLANG_WARN_DOCUMENTATION_COMMENTS = YES;
				CLANG_WARN_EMPTY_BODY = YES;
				CLANG_WARN_ENUM_CONVERSION = YES;
				CLANG_WARN_INFINITE_RECURSION = YES;
				CLANG_WARN_INT_CONVERSION = YES;
				CLANG_WARN_NON_LITERAL_NULL_CONVERSION = YES;
				CLANG_WARN_OBJC_IMPLICIT_RETAIN_SELF = YES;
				CLANG_WARN_OBJC_LITERAL_CONVERSION = YES;
				CLANG_WARN_OBJC_ROOT_CLASS = YES_ERROR;
				CLANG_WARN_QUOTED_INCLUDE_IN_FRAMEWORK_HEADER = YES;
				CLANG_WARN_RANGE_LOOP_ANALYSIS = YES;
				CLANG_WARN_STRICT_PROTOTYPES = YES;
				CLANG_WARN_SUSPICIOUS_MOVE = YES;
				CLANG_WARN_UNGUARDED_AVAILABILITY = YES_AGGRESSIVE;
				CLANG_WARN_UNREACHABLE_CODE = YES;
				CLANG_WARN__DUPLICATE_METHOD_MATCH = YES;
				COPY_PHASE_STRIP = NO;
				DEBUG_INFORMATION_FORMAT = "dwarf-with-dsym";
				ENABLE_NS_ASSERTIONS = NO;
				ENABLE_STRICT_OBJC_MSGSEND = YES;
				GCC_C_LANGUAGE_STANDARD = gnu11;
				GCC_NO_COMMON_BLOCKS = YES;
				GCC_WARN_64_TO_32_BIT_CONVERSION = YES;
				GCC_WARN_ABOUT_RETURN_TYPE = YES_ERROR;
				GCC_WARN_UNDECLARED_SELECTOR = YES;
				GCC_WARN_UNINITIALIZED_AUTOS = YES_AGGRESSIVE;
				GCC_WARN_UNUSED_FUNCTION = YES;
				GCC_WARN_UNUSED_VARIABLE = YES;
				IPHONEOS_DEPLOYMENT_TARGET = 15.5;
				MTL_ENABLE_DEBUG_INFO = NO;
				MTL_FAST_MATH = YES;
				SDKROOT = iphoneos;
				SWIFT_COMPILATION_MODE = wholemodule;
				SWIFT_OPTIMIZATION_LEVEL = "-O";
				VALIDATE_PRODUCT = YES;
			};
			name = Release;
		};
		DFC1995A287ECBE9000B8BC2 /* Debug */ = {
			isa = XCBuildConfiguration;
			buildSettings = {
				ASSETCATALOG_COMPILER_APPICON_NAME = AppIcon;
				ASSETCATALOG_COMPILER_GLOBAL_ACCENT_COLOR_NAME = AccentColor;
				CODE_SIGN_STYLE = Automatic;
				CURRENT_PROJECT_VERSION = 1;
				DEVELOPMENT_TEAM = U73STQUG6W;
				GENERATE_INFOPLIST_FILE = YES;
				INFOPLIST_FILE = Blog/Info.plist;
				INFOPLIST_KEY_CFBundleDisplayName = Blog;
				INFOPLIST_KEY_UIApplicationSupportsIndirectInputEvents = YES;
				INFOPLIST_KEY_UILaunchStoryboardName = LaunchScreen;
				INFOPLIST_KEY_UIMainStoryboardFile = Main;
				INFOPLIST_KEY_UISupportedInterfaceOrientations_iPad = "UIInterfaceOrientationPortrait UIInterfaceOrientationPortraitUpsideDown UIInterfaceOrientationLandscapeLeft UIInterfaceOrientationLandscapeRight";
				INFOPLIST_KEY_UISupportedInterfaceOrientations_iPhone = "UIInterfaceOrientationPortrait UIInterfaceOrientationLandscapeLeft UIInterfaceOrientationLandscapeRight";
				LD_RUNPATH_SEARCH_PATHS = (
					"$(inherited)",
					"@executable_path/Frameworks",
				);
				MARKETING_VERSION = 1.0;
				PRODUCT_BUNDLE_IDENTIFIER = com.aidenforrest.Blog;
				PRODUCT_NAME = "$(TARGET_NAME)";
				SWIFT_EMIT_LOC_STRINGS = YES;
				SWIFT_VERSION = 5.0;
				TARGETED_DEVICE_FAMILY = "1,2";
			};
			name = Debug;
		};
		DFC1995B287ECBE9000B8BC2 /* Release */ = {
			isa = XCBuildConfiguration;
			buildSettings = {
				ASSETCATALOG_COMPILER_APPICON_NAME = AppIcon;
				ASSETCATALOG_COMPILER_GLOBAL_ACCENT_COLOR_NAME = AccentColor;
				CODE_SIGN_STYLE = Automatic;
				CURRENT_PROJECT_VERSION = 1;
				DEVELOPMENT_TEAM = U73STQUG6W;
				GENERATE_INFOPLIST_FILE = YES;
				INFOPLIST_FILE = Blog/Info.plist;
				INFOPLIST_KEY_CFBundleDisplayName = Blog;
				INFOPLIST_KEY_UIApplicationSupportsIndirectInputEvents = YES;
				INFOPLIST_KEY_UILaunchStoryboardName = LaunchScreen;
				INFOPLIST_KEY_UIMainStoryboardFile = Main;
				INFOPLIST_KEY_UISupportedInterfaceOrientations_iPad = "UIInterfaceOrientationPortrait UIInterfaceOrientationPortraitUpsideDown UIInterfaceOrientationLandscapeLeft UIInterfaceOrientationLandscapeRight";
				INFOPLIST_KEY_UISupportedInterfaceOrientations_iPhone = "UIInterfaceOrientationPortrait UIInterfaceOrientationLandscapeLeft UIInterfaceOrientationLandscapeRight";
				LD_RUNPATH_SEARCH_PATHS = (
					"$(inherited)",
					"@executable_path/Frameworks",
				);
				MARKETING_VERSION = 1.0;
				PRODUCT_BUNDLE_IDENTIFIER = com.aidenforrest.Blog;
				PRODUCT_NAME = "$(TARGET_NAME)";
				SWIFT_EMIT_LOC_STRINGS = YES;
				SWIFT_VERSION = 5.0;
				TARGETED_DEVICE_FAMILY = "1,2";
			};
			name = Release;
		};
		DFC1995D287ECBE9000B8BC2 /* Debug */ = {
			isa = XCBuildConfiguration;
			buildSettings = {
				ALWAYS_EMBED_SWIFT_STANDARD_LIBRARIES = YES;
				BUNDLE_LOADER = "$(TEST_HOST)";
				CODE_SIGN_STYLE = Automatic;
				CURRENT_PROJECT_VERSION = 1;
				DEVELOPMENT_TEAM = U73STQUG6W;
				GENERATE_INFOPLIST_FILE = YES;
				IPHONEOS_DEPLOYMENT_TARGET = 15.5;
				MARKETING_VERSION = 1.0;
				PRODUCT_BUNDLE_IDENTIFIER = com.aidenforrest.BlogTests;
				PRODUCT_NAME = "$(TARGET_NAME)";
				SWIFT_EMIT_LOC_STRINGS = NO;
				SWIFT_VERSION = 5.0;
				TARGETED_DEVICE_FAMILY = "1,2";
				TEST_HOST = "$(BUILT_PRODUCTS_DIR)/Blog.app/Blog";
			};
			name = Debug;
		};
		DFC1995E287ECBE9000B8BC2 /* Release */ = {
			isa = XCBuildConfiguration;
			buildSettings = {
				ALWAYS_EMBED_SWIFT_STANDARD_LIBRARIES = YES;
				BUNDLE_LOADER = "$(TEST_HOST)";
				CODE_SIGN_STYLE = Automatic;
				CURRENT_PROJECT_VERSION = 1;
				DEVELOPMENT_TEAM = U73STQUG6W;
				GENERATE_INFOPLIST_FILE = YES;
				IPHONEOS_DEPLOYMENT_TARGET = 15.5;
				MARKETING_VERSION = 1.0;
				PRODUCT_BUNDLE_IDENTIFIER = com.aidenforrest.BlogTests;
				PRODUCT_NAME = "$(TARGET_NAME)";
				SWIFT_EMIT_LOC_STRINGS = NO;
				SWIFT_VERSION = 5.0;
				TARGETED_DEVICE_FAMILY = "1,2";
				TEST_HOST = "$(BUILT_PRODUCTS_DIR)/Blog.app/Blog";
			};
			name = Release;
		};
		DFC19960287ECBE9000B8BC2 /* Debug */ = {
			isa = XCBuildConfiguration;
			buildSettings = {
				ALWAYS_EMBED_SWIFT_STANDARD_LIBRARIES = YES;
				CODE_SIGN_STYLE = Automatic;
				CURRENT_PROJECT_VERSION = 1;
				DEVELOPMENT_TEAM = U73STQUG6W;
				GENERATE_INFOPLIST_FILE = YES;
				MARKETING_VERSION = 1.0;
				PRODUCT_BUNDLE_IDENTIFIER = com.aidenforrest.BlogUITests;
				PRODUCT_NAME = "$(TARGET_NAME)";
				SWIFT_EMIT_LOC_STRINGS = NO;
				SWIFT_VERSION = 5.0;
				TARGETED_DEVICE_FAMILY = "1,2";
				TEST_TARGET_NAME = Blog;
			};
			name = Debug;
		};
		DFC19961287ECBE9000B8BC2 /* Release */ = {
			isa = XCBuildConfiguration;
			buildSettings = {
				ALWAYS_EMBED_SWIFT_STANDARD_LIBRARIES = YES;
				CODE_SIGN_STYLE = Automatic;
				CURRENT_PROJECT_VERSION = 1;
				DEVELOPMENT_TEAM = U73STQUG6W;
				GENERATE_INFOPLIST_FILE = YES;
				MARKETING_VERSION = 1.0;
				PRODUCT_BUNDLE_IDENTIFIER = com.aidenforrest.BlogUITests;
				PRODUCT_NAME = "$(TARGET_NAME)";
				SWIFT_EMIT_LOC_STRINGS = NO;
				SWIFT_VERSION = 5.0;
				TARGETED_DEVICE_FAMILY = "1,2";
				TEST_TARGET_NAME = Blog;
			};
			name = Release;
		};
/* End XCBuildConfiguration section */

/* Begin XCConfigurationList section */
		DFC1992A287ECBE6000B8BC2 /* Build configuration list for PBXProject "Blog" */ = {
			isa = XCConfigurationList;
			buildConfigurations = (
				DFC19957287ECBE9000B8BC2 /* Debug */,
				DFC19958287ECBE9000B8BC2 /* Release */,
			);
			defaultConfigurationIsVisible = 0;
			defaultConfigurationName = Release;
		};
		DFC19959287ECBE9000B8BC2 /* Build configuration list for PBXNativeTarget "Blog" */ = {
			isa = XCConfigurationList;
			buildConfigurations = (
				DFC1995A287ECBE9000B8BC2 /* Debug */,
				DFC1995B287ECBE9000B8BC2 /* Release */,
			);
			defaultConfigurationIsVisible = 0;
			defaultConfigurationName = Release;
		};
		DFC1995C287ECBE9000B8BC2 /* Build configuration list for PBXNativeTarget "BlogTests" */ = {
			isa = XCConfigurationList;
			buildConfigurations = (
				DFC1995D287ECBE9000B8BC2 /* Debug */,
				DFC1995E287ECBE9000B8BC2 /* Release */,
			);
			defaultConfigurationIsVisible = 0;
			defaultConfigurationName = Release;
		};
		DFC1995F287ECBE9000B8BC2 /* Build configuration list for PBXNativeTarget "BlogUITests" */ = {
			isa = XCConfigurationList;
			buildConfigurations = (
				DFC19960287ECBE9000B8BC2 /* Debug */,
				DFC19961287ECBE9000B8BC2 /* Release */,
			);
			defaultConfigurationIsVisible = 0;
			defaultConfigurationName = Release;
		};
/* End XCConfigurationList section */
	};
	rootObject = DFC19927287ECBE6000B8BC2 /* Project object */;
}
